
Microsoft Visual Studio Solution File, Format Version 12.00
# Visual Studio Version 16
VisualStudioVersion = 16.0.29806.167
MinimumVisualStudioVersion = 10.0.40219.1
Project("{8BC9CEB8-8B4A-11D0-8D11-00A0C91BC942}") = "001最小窗口实例", "WindowsProject2\WindowsProject2.vcxproj", "{B1AD5129-C367-4B93-BCF7-AB7CC90C4D0B}"
EndProject
Project("{8BC9CEB8-8B4A-11D0-8D11-00A0C91BC942}") = "Chap03", "HelloWin\HelloWin.vcxproj", "{C5E95FBD-8DB6-4719-B204-8983B7400AE0}"
EndProject
Project("{8BC9CEB8-8B4A-11D0-8D11-00A0C91BC942}") = "002带消息的窗口", "002带消息的窗口\002带消息的窗口.vcxproj", "{DF2152C4-0969-44B9-90E8-FF627DC0C2EB}"
EndProject
Project("{8BC9CEB8-8B4A-11D0-8D11-00A0C91BC942}") = "SysMets1", "SysMets1\SysMets1.vcxproj", "{B7CF1969-BFA6-46EE-8DD1-3D867B666941}"
EndProject
Project("{8BC9CEB8-8B4A-11D0-8D11-00A0C91BC942}") = "KeyView1", "KeyView1\KeyView1.vcxproj", "{FD5F4156-ECA5-4CE3-928A-38742DF97FC8}"
EndProject
Project("{8BC9CEB8-8B4A-11D0-8D11-00A0C91BC942}") = "OpenGL窗口001", "OpenGL窗口001\OpenGL窗口001.vcxproj", "{0D135258-17AE-40FD-9CFE-D775BD9DE57A}"
EndProject
Project("{8BC9CEB8-8B4A-11D0-8D11-00A0C91BC942}") = "003由控制台启动窗口", "003\003.vcxproj", "{862E72DA-E97C-413C-B2C1-68F8B9F242A2}"
EndProject
Project("{8BC9CEB8-8B4A-11D0-8D11-00A0C91BC942}") = "004OpenGL窗口", "004OpenGL窗口\004OpenGL窗口.vcxproj", "{3CA63611-A8A3-43BC-865C-AEFBE157A1E1}"
	ProjectSection(ProjectDependencies) = postProject
		{D59C0002-1319-3D94-9C56-D45D2404620C} = {D59C0002-1319-3D94-9C56-D45D2404620C}
	EndProjectSection
EndProject
Project("{8BC9CEB8-8B4A-11D0-8D11-00A0C91BC942}") = "glfw", "..\..\..\Documents\glfw\glfw-build\src\glfw.vcxproj", "{D59C0002-1319-3D94-9C56-D45D2404620C}"
EndProject
Project("{8BC9CEB8-8B4A-11D0-8D11-00A0C91BC942}") = "14-SysInfo", "14-SysInfo\14-SysInfo.vcxproj", "{6B017571-2105-473A-B987-65800858BE91}"
EndProject
Project("{8BC9CEB8-8B4A-11D0-8D11-00A0C91BC942}") = "14-VMMap", "14-VMMap\14-VMMap.vcxproj", "{069D2040-3CED-41B0-A368-F455327A7070}"
EndProject
Global
	GlobalSection(SolutionConfigurationPlatforms) = preSolution
		Debug|x64 = Debug|x64
		Debug|x86 = Debug|x86
		MinSizeRel|x64 = MinSizeRel|x64
		MinSizeRel|x86 = MinSizeRel|x86
		Release|x64 = Release|x64
		Release|x86 = Release|x86
		RelWithDebInfo|x64 = RelWithDebInfo|x64
		RelWithDebInfo|x86 = RelWithDebInfo|x86
	EndGlobalSection
	GlobalSection(ProjectConfigurationPlatforms) = postSolution
		{B1AD5129-C367-4B93-BCF7-AB7CC90C4D0B}.Debug|x64.ActiveCfg = Debug|x64
		{B1AD5129-C367-4B93-BCF7-AB7CC90C4D0B}.Debug|x64.Build.0 = Debug|x64
		{B1AD5129-C367-4B93-BCF7-AB7CC90C4D0B}.Debug|x86.ActiveCfg = Debug|Win32
		{B1AD5129-C367-4B93-BCF7-AB7CC90C4D0B}.Debug|x86.Build.0 = Debug|Win32
		{B1AD5129-C367-4B93-BCF7-AB7CC90C4D0B}.MinSizeRel|x64.ActiveCfg = Release|x64
		{B1AD5129-C367-4B93-BCF7-AB7CC90C4D0B}.MinSizeRel|x64.Build.0 = Release|x64
		{B1AD5129-C367-4B93-BCF7-AB7CC90C4D0B}.MinSizeRel|x86.ActiveCfg = Release|Win32
		{B1AD5129-C367-4B93-BCF7-AB7CC90C4D0B}.MinSizeRel|x86.Build.0 = Release|Win32
		{B1AD5129-C367-4B93-BCF7-AB7CC90C4D0B}.Release|x64.ActiveCfg = Release|x64
		{B1AD5129-C367-4B93-BCF7-AB7CC90C4D0B}.Release|x64.Build.0 = Release|x64
		{B1AD5129-C367-4B93-BCF7-AB7CC90C4D0B}.Release|x86.ActiveCfg = Release|Win32
		{B1AD5129-C367-4B93-BCF7-AB7CC90C4D0B}.Release|x86.Build.0 = Release|Win32
		{B1AD5129-C367-4B93-BCF7-AB7CC90C4D0B}.RelWithDebInfo|x64.ActiveCfg = Release|x64
		{B1AD5129-C367-4B93-BCF7-AB7CC90C4D0B}.RelWithDebInfo|x64.Build.0 = Release|x64
		{B1AD5129-C367-4B93-BCF7-AB7CC90C4D0B}.RelWithDebInfo|x86.ActiveCfg = Release|Win32
		{B1AD5129-C367-4B93-BCF7-AB7CC90C4D0B}.RelWithDebInfo|x86.Build.0 = Release|Win32
		{C5E95FBD-8DB6-4719-B204-8983B7400AE0}.Debug|x64.ActiveCfg = Debug|Win32
		{C5E95FBD-8DB6-4719-B204-8983B7400AE0}.Debug|x86.ActiveCfg = Debug|Win32
		{C5E95FBD-8DB6-4719-B204-8983B7400AE0}.Debug|x86.Build.0 = Debug|Win32
		{C5E95FBD-8DB6-4719-B204-8983B7400AE0}.MinSizeRel|x64.ActiveCfg = Release|Win32
		{C5E95FBD-8DB6-4719-B204-8983B7400AE0}.MinSizeRel|x64.Build.0 = Release|Win32
		{C5E95FBD-8DB6-4719-B204-8983B7400AE0}.MinSizeRel|x86.ActiveCfg = Release|Win32
		{C5E95FBD-8DB6-4719-B204-8983B7400AE0}.MinSizeRel|x86.Build.0 = Release|Win32
		{C5E95FBD-8DB6-4719-B204-8983B7400AE0}.Release|x64.ActiveCfg = Release|Win32
		{C5E95FBD-8DB6-4719-B204-8983B7400AE0}.Release|x86.ActiveCfg = Release|Win32
		{C5E95FBD-8DB6-4719-B204-8983B7400AE0}.Release|x86.Build.0 = Release|Win32
		{C5E95FBD-8DB6-4719-B204-8983B7400AE0}.RelWithDebInfo|x64.ActiveCfg = Release|Win32
		{C5E95FBD-8DB6-4719-B204-8983B7400AE0}.RelWithDebInfo|x64.Build.0 = Release|Win32
		{C5E95FBD-8DB6-4719-B204-8983B7400AE0}.RelWithDebInfo|x86.ActiveCfg = Release|Win32
		{C5E95FBD-8DB6-4719-B204-8983B7400AE0}.RelWithDebInfo|x86.Build.0 = Release|Win32
		{DF2152C4-0969-44B9-90E8-FF627DC0C2EB}.Debug|x64.ActiveCfg = Debug|x64
		{DF2152C4-0969-44B9-90E8-FF627DC0C2EB}.Debug|x64.Build.0 = Debug|x64
		{DF2152C4-0969-44B9-90E8-FF627DC0C2EB}.Debug|x86.ActiveCfg = Debug|Win32
		{DF2152C4-0969-44B9-90E8-FF627DC0C2EB}.Debug|x86.Build.0 = Debug|Win32
		{DF2152C4-0969-44B9-90E8-FF627DC0C2EB}.MinSizeRel|x64.ActiveCfg = Release|x64
		{DF2152C4-0969-44B9-90E8-FF627DC0C2EB}.MinSizeRel|x64.Build.0 = Release|x64
		{DF2152C4-0969-44B9-90E8-FF627DC0C2EB}.MinSizeRel|x86.ActiveCfg = Release|Win32
		{DF2152C4-0969-44B9-90E8-FF627DC0C2EB}.MinSizeRel|x86.Build.0 = Release|Win32
		{DF2152C4-0969-44B9-90E8-FF627DC0C2EB}.Release|x64.ActiveCfg = Release|x64
		{DF2152C4-0969-44B9-90E8-FF627DC0C2EB}.Release|x64.Build.0 = Release|x64
		{DF2152C4-0969-44B9-90E8-FF627DC0C2EB}.Release|x86.ActiveCfg = Release|Win32
		{DF2152C4-0969-44B9-90E8-FF627DC0C2EB}.Release|x86.Build.0 = Release|Win32
		{DF2152C4-0969-44B9-90E8-FF627DC0C2EB}.RelWithDebInfo|x64.ActiveCfg = Release|x64
		{DF2152C4-0969-44B9-90E8-FF627DC0C2EB}.RelWithDebInfo|x64.Build.0 = Release|x64
		{DF2152C4-0969-44B9-90E8-FF627DC0C2EB}.RelWithDebInfo|x86.ActiveCfg = Release|Win32
		{DF2152C4-0969-44B9-90E8-FF627DC0C2EB}.RelWithDebInfo|x86.Build.0 = Release|Win32
		{B7CF1969-BFA6-46EE-8DD1-3D867B666941}.Debug|x64.ActiveCfg = Debug|Win32
		{B7CF1969-BFA6-46EE-8DD1-3D867B666941}.Debug|x86.ActiveCfg = Debug|Win32
		{B7CF1969-BFA6-46EE-8DD1-3D867B666941}.Debug|x86.Build.0 = Debug|Win32
		{B7CF1969-BFA6-46EE-8DD1-3D867B666941}.MinSizeRel|x64.ActiveCfg = Release|Win32
		{B7CF1969-BFA6-46EE-8DD1-3D867B666941}.MinSizeRel|x64.Build.0 = Release|Win32
		{B7CF1969-BFA6-46EE-8DD1-3D867B666941}.MinSizeRel|x86.ActiveCfg = Release|Win32
		{B7CF1969-BFA6-46EE-8DD1-3D867B666941}.MinSizeRel|x86.Build.0 = Release|Win32
		{B7CF1969-BFA6-46EE-8DD1-3D867B666941}.Release|x64.ActiveCfg = Release|Win32
		{B7CF1969-BFA6-46EE-8DD1-3D867B666941}.Release|x86.ActiveCfg = Release|Win32
		{B7CF1969-BFA6-46EE-8DD1-3D867B666941}.Release|x86.Build.0 = Release|Win32
		{B7CF1969-BFA6-46EE-8DD1-3D867B666941}.RelWithDebInfo|x64.ActiveCfg = Release|Win32
		{B7CF1969-BFA6-46EE-8DD1-3D867B666941}.RelWithDebInfo|x64.Build.0 = Release|Win32
		{B7CF1969-BFA6-46EE-8DD1-3D867B666941}.RelWithDebInfo|x86.ActiveCfg = Release|Win32
		{B7CF1969-BFA6-46EE-8DD1-3D867B666941}.RelWithDebInfo|x86.Build.0 = Release|Win32
		{FD5F4156-ECA5-4CE3-928A-38742DF97FC8}.Debug|x64.ActiveCfg = Debug|Win32
		{FD5F4156-ECA5-4CE3-928A-38742DF97FC8}.Debug|x86.ActiveCfg = Debug|Win32
		{FD5F4156-ECA5-4CE3-928A-38742DF97FC8}.Debug|x86.Build.0 = Debug|Win32
		{FD5F4156-ECA5-4CE3-928A-38742DF97FC8}.MinSizeRel|x64.ActiveCfg = Release|Win32
		{FD5F4156-ECA5-4CE3-928A-38742DF97FC8}.MinSizeRel|x64.Build.0 = Release|Win32
		{FD5F4156-ECA5-4CE3-928A-38742DF97FC8}.MinSizeRel|x86.ActiveCfg = Release|Win32
		{FD5F4156-ECA5-4CE3-928A-38742DF97FC8}.MinSizeRel|x86.Build.0 = Release|Win32
		{FD5F4156-ECA5-4CE3-928A-38742DF97FC8}.Release|x64.ActiveCfg = Release|Win32
		{FD5F4156-ECA5-4CE3-928A-38742DF97FC8}.Release|x86.ActiveCfg = Release|Win32
		{FD5F4156-ECA5-4CE3-928A-38742DF97FC8}.Release|x86.Build.0 = Release|Win32
		{FD5F4156-ECA5-4CE3-928A-38742DF97FC8}.RelWithDebInfo|x64.ActiveCfg = Release|Win32
		{FD5F4156-ECA5-4CE3-928A-38742DF97FC8}.RelWithDebInfo|x64.Build.0 = Release|Win32
		{FD5F4156-ECA5-4CE3-928A-38742DF97FC8}.RelWithDebInfo|x86.ActiveCfg = Release|Win32
		{FD5F4156-ECA5-4CE3-928A-38742DF97FC8}.RelWithDebInfo|x86.Build.0 = Release|Win32
		{0D135258-17AE-40FD-9CFE-D775BD9DE57A}.Debug|x64.ActiveCfg = Debug|x64
		{0D135258-17AE-40FD-9CFE-D775BD9DE57A}.Debug|x64.Build.0 = Debug|x64
		{0D135258-17AE-40FD-9CFE-D775BD9DE57A}.Debug|x86.ActiveCfg = Debug|Win32
		{0D135258-17AE-40FD-9CFE-D775BD9DE57A}.Debug|x86.Build.0 = Debug|Win32
		{0D135258-17AE-40FD-9CFE-D775BD9DE57A}.MinSizeRel|x64.ActiveCfg = Release|x64
		{0D135258-17AE-40FD-9CFE-D775BD9DE57A}.MinSizeRel|x64.Build.0 = Release|x64
		{0D135258-17AE-40FD-9CFE-D775BD9DE57A}.MinSizeRel|x86.ActiveCfg = Release|Win32
		{0D135258-17AE-40FD-9CFE-D775BD9DE57A}.MinSizeRel|x86.Build.0 = Release|Win32
		{0D135258-17AE-40FD-9CFE-D775BD9DE57A}.Release|x64.ActiveCfg = Release|x64
		{0D135258-17AE-40FD-9CFE-D775BD9DE57A}.Release|x64.Build.0 = Release|x64
		{0D135258-17AE-40FD-9CFE-D775BD9DE57A}.Release|x86.ActiveCfg = Release|Win32
		{0D135258-17AE-40FD-9CFE-D775BD9DE57A}.Release|x86.Build.0 = Release|Win32
		{0D135258-17AE-40FD-9CFE-D775BD9DE57A}.RelWithDebInfo|x64.ActiveCfg = Release|x64
		{0D135258-17AE-40FD-9CFE-D775BD9DE57A}.RelWithDebInfo|x64.Build.0 = Release|x64
		{0D135258-17AE-40FD-9CFE-D775BD9DE57A}.RelWithDebInfo|x86.ActiveCfg = Release|Win32
		{0D135258-17AE-40FD-9CFE-D775BD9DE57A}.RelWithDebInfo|x86.Build.0 = Release|Win32
		{862E72DA-E97C-413C-B2C1-68F8B9F242A2}.Debug|x64.ActiveCfg = Debug|x64
		{862E72DA-E97C-413C-B2C1-68F8B9F242A2}.Debug|x64.Build.0 = Debug|x64
		{862E72DA-E97C-413C-B2C1-68F8B9F242A2}.Debug|x86.ActiveCfg = Debug|Win32
		{862E72DA-E97C-413C-B2C1-68F8B9F242A2}.Debug|x86.Build.0 = Debug|Win32
		{862E72DA-E97C-413C-B2C1-68F8B9F242A2}.MinSizeRel|x64.ActiveCfg = Release|x64
		{862E72DA-E97C-413C-B2C1-68F8B9F242A2}.MinSizeRel|x64.Build.0 = Release|x64
		{862E72DA-E97C-413C-B2C1-68F8B9F242A2}.MinSizeRel|x86.ActiveCfg = Release|Win32
		{862E72DA-E97C-413C-B2C1-68F8B9F242A2}.MinSizeRel|x86.Build.0 = Release|Win32
		{862E72DA-E97C-413C-B2C1-68F8B9F242A2}.Release|x64.ActiveCfg = Release|x64
		{862E72DA-E97C-413C-B2C1-68F8B9F242A2}.Release|x64.Build.0 = Release|x64
		{862E72DA-E97C-413C-B2C1-68F8B9F242A2}.Release|x86.ActiveCfg = Release|Win32
		{862E72DA-E97C-413C-B2C1-68F8B9F242A2}.Release|x86.Build.0 = Release|Win32
		{862E72DA-E97C-413C-B2C1-68F8B9F242A2}.RelWithDebInfo|x64.ActiveCfg = Release|x64
		{862E72DA-E97C-413C-B2C1-68F8B9F242A2}.RelWithDebInfo|x64.Build.0 = Release|x64
		{862E72DA-E97C-413C-B2C1-68F8B9F242A2}.RelWithDebInfo|x86.ActiveCfg = Release|Win32
		{862E72DA-E97C-413C-B2C1-68F8B9F242A2}.RelWithDebInfo|x86.Build.0 = Release|Win32
		{3CA63611-A8A3-43BC-865C-AEFBE157A1E1}.Debug|x64.ActiveCfg = Debug|x64
		{3CA63611-A8A3-43BC-865C-AEFBE157A1E1}.Debug|x64.Build.0 = Debug|x64
		{3CA63611-A8A3-43BC-865C-AEFBE157A1E1}.Debug|x86.ActiveCfg = Debug|Win32
		{3CA63611-A8A3-43BC-865C-AEFBE157A1E1}.Debug|x86.Build.0 = Debug|Win32
		{3CA63611-A8A3-43BC-865C-AEFBE157A1E1}.MinSizeRel|x64.ActiveCfg = Release|x64
		{3CA63611-A8A3-43BC-865C-AEFBE157A1E1}.MinSizeRel|x64.Build.0 = Release|x64
		{3CA63611-A8A3-43BC-865C-AEFBE157A1E1}.MinSizeRel|x86.ActiveCfg = Release|Win32
		{3CA63611-A8A3-43BC-865C-AEFBE157A1E1}.MinSizeRel|x86.Build.0 = Release|Win32
		{3CA63611-A8A3-43BC-865C-AEFBE157A1E1}.Release|x64.ActiveCfg = Release|x64
		{3CA63611-A8A3-43BC-865C-AEFBE157A1E1}.Release|x64.Build.0 = Release|x64
		{3CA63611-A8A3-43BC-865C-AEFBE157A1E1}.Release|x86.ActiveCfg = Release|Win32
		{3CA63611-A8A3-43BC-865C-AEFBE157A1E1}.Release|x86.Build.0 = Release|Win32
		{3CA63611-A8A3-43BC-865C-AEFBE157A1E1}.RelWithDebInfo|x64.ActiveCfg = Release|x64
		{3CA63611-A8A3-43BC-865C-AEFBE157A1E1}.RelWithDebInfo|x64.Build.0 = Release|x64
		{3CA63611-A8A3-43BC-865C-AEFBE157A1E1}.RelWithDebInfo|x86.ActiveCfg = Release|Win32
		{3CA63611-A8A3-43BC-865C-AEFBE157A1E1}.RelWithDebInfo|x86.Build.0 = Release|Win32
		{D59C0002-1319-3D94-9C56-D45D2404620C}.Debug|x64.ActiveCfg = Debug|Win32
		{D59C0002-1319-3D94-9C56-D45D2404620C}.Debug|x86.ActiveCfg = Debug|Win32
		{D59C0002-1319-3D94-9C56-D45D2404620C}.Debug|x86.Build.0 = Debug|Win32
		{D59C0002-1319-3D94-9C56-D45D2404620C}.MinSizeRel|x64.ActiveCfg = MinSizeRel|Win32
		{D59C0002-1319-3D94-9C56-D45D2404620C}.MinSizeRel|x86.ActiveCfg = MinSizeRel|Win32
		{D59C0002-1319-3D94-9C56-D45D2404620C}.MinSizeRel|x86.Build.0 = MinSizeRel|Win32
		{D59C0002-1319-3D94-9C56-D45D2404620C}.Release|x64.ActiveCfg = Release|Win32
		{D59C0002-1319-3D94-9C56-D45D2404620C}.Release|x86.ActiveCfg = Release|Win32
		{D59C0002-1319-3D94-9C56-D45D2404620C}.Release|x86.Build.0 = Release|Win32
		{D59C0002-1319-3D94-9C56-D45D2404620C}.RelWithDebInfo|x64.ActiveCfg = RelWithDebInfo|Win32
		{D59C0002-1319-3D94-9C56-D45D2404620C}.RelWithDebInfo|x86.ActiveCfg = RelWithDebInfo|Win32
		{D59C0002-1319-3D94-9C56-D45D2404620C}.RelWithDebInfo|x86.Build.0 = RelWithDebInfo|Win32
		{6B017571-2105-473A-B987-65800858BE91}.Debug|x64.ActiveCfg = Debug|x64
		{6B017571-2105-473A-B987-65800858BE91}.Debug|x64.Build.0 = Debug|x64
		{6B017571-2105-473A-B987-65800858BE91}.Debug|x86.ActiveCfg = Debug|Win32
		{6B017571-2105-473A-B987-65800858BE91}.Debug|x86.Build.0 = Debug|Win32
		{6B017571-2105-473A-B987-65800858BE91}.MinSizeRel|x64.ActiveCfg = Release|x64
		{6B017571-2105-473A-B987-65800858BE91}.MinSizeRel|x64.Build.0 = Release|x64
		{6B017571-2105-473A-B987-65800858BE91}.MinSizeRel|x86.ActiveCfg = Release|Win32
		{6B017571-2105-473A-B987-65800858BE91}.MinSizeRel|x86.Build.0 = Release|Win32
		{6B017571-2105-473A-B987-65800858BE91}.Release|x64.ActiveCfg = Release|x64
		{6B017571-2105-473A-B987-65800858BE91}.Release|x64.Build.0 = Release|x64
		{6B017571-2105-473A-B987-65800858BE91}.Release|x86.ActiveCfg = Release|Win32
		{6B017571-2105-473A-B987-65800858BE91}.Release|x86.Build.0 = Release|Win32
		{6B017571-2105-473A-B987-65800858BE91}.RelWithDebInfo|x64.ActiveCfg = Release|x64
		{6B017571-2105-473A-B987-65800858BE91}.RelWithDebInfo|x64.Build.0 = Release|x64
		{6B017571-2105-473A-B987-65800858BE91}.RelWithDebInfo|x86.ActiveCfg = Release|Win32
		{6B017571-2105-473A-B987-65800858BE91}.RelWithDebInfo|x86.Build.0 = Release|Win32
		{069D2040-3CED-41B0-A368-F455327A7070}.Debug|x64.ActiveCfg = Debug|x64
		{069D2040-3CED-41B0-A368-F455327A7070}.Debug|x64.Build.0 = Debug|x64
		{069D2040-3CED-41B0-A368-F455327A7070}.Debug|x86.ActiveCfg = Debug|Win32
		{069D2040-3CED-41B0-A368-F455327A7070}.Debug|x86.Build.0 = Debug|Win32
		{069D2040-3CED-41B0-A368-F455327A7070}.MinSizeRel|x64.ActiveCfg = Release|x64
		{069D2040-3CED-41B0-A368-F455327A7070}.MinSizeRel|x64.Build.0 = Release|x64
		{069D2040-3CED-41B0-A368-F455327A7070}.MinSizeRel|x86.ActiveCfg = Release|Win32
		{069D2040-3CED-41B0-A368-F455327A7070}.MinSizeRel|x86.Build.0 = Release|Win32
		{069D2040-3CED-41B0-A368-F455327A7070}.Release|x64.ActiveCfg = Release|x64
		{069D2040-3CED-41B0-A368-F455327A7070}.Release|x64.Build.0 = Release|x64
		{069D2040-3CED-41B0-A368-F455327A7070}.Release|x86.ActiveCfg = Release|Win32
		{069D2040-3CED-41B0-A368-F455327A7070}.Release|x86.Build.0 = Release|Win32
		{069D2040-3CED-41B0-A368-F455327A7070}.RelWithDebInfo|x64.ActiveCfg = Release|x64
		{069D2040-3CED-41B0-A368-F455327A7070}.RelWithDebInfo|x64.Build.0 = Release|x64
		{069D2040-3CED-41B0-A368-F455327A7070}.RelWithDebInfo|x86.ActiveCfg = Release|Win32
		{069D2040-3CED-41B0-A368-F455327A7070}.RelWithDebInfo|x86.Build.0 = Release|Win32
	EndGlobalSection
	GlobalSection(SolutionProperties) = preSolution
		HideSolutionNode = FALSE
	EndGlobalSection
	GlobalSection(ExtensibilityGlobals) = postSolution
		SolutionGuid = {2B97FC96-CB84-44D4-928C-486A75002514}
	EndGlobalSection
EndGlobal
